
Microsoft Visual Studio Solution File, Format Version 12.00
# Visual Studio Version 17
VisualStudioVersion = 17.14.35821.62
MinimumVisualStudioVersion = 10.0.40219.1
Project("{2150E333-8FDC-42A3-9474-1A3956D46DE8}") = "src", "src", "{02EA681E-C7D8-13C7-8484-4AC65E1B71E8}"
EndProject
Project("{2150E333-8FDC-42A3-9474-1A3956D46DE8}") = "test", "test", "{BE802428-4DD9-4F49-A4B1-F540C00ABE1A}"
EndProject
Project("{FAE04EC0-301F-11D3-BF4B-00C04F79EFBC}") = "FluentOpenAPI", "src\FluentOpenAPI\FluentOpenAPI.csproj", "{653E0FEE-FF9A-4007-85EA-8EE2EC734FEF}"
EndProject
Project("{FAE04EC0-301F-11D3-BF4B-00C04F79EFBC}") = "WebApp", "test\WebApp\WebApp.csproj", "{0CDF6949-90E7-4505-8EB0-1C449B103792}"
EndProject
Project("{FAE04EC0-301F-11D3-BF4B-00C04F79EFBC}") = "FluentOpenAPI.Test", "test\FluentOpenAPI.Test\FluentOpenAPI.Test.csproj", "{71ACE38E-14CE-477B-8EF8-B856882CBBC0}"
EndProject
Global
	GlobalSection(SolutionConfigurationPlatforms) = preSolution
		Debug|Any CPU = Debug|Any CPU
		Release|Any CPU = Release|Any CPU
	EndGlobalSection
	GlobalSection(ProjectConfigurationPlatforms) = postSolution
		{653E0FEE-FF9A-4007-85EA-8EE2EC734FEF}.Debug|Any CPU.ActiveCfg = Debug|Any CPU
		{653E0FEE-FF9A-4007-85EA-8EE2EC734FEF}.Debug|Any CPU.Build.0 = Debug|Any CPU
		{653E0FEE-FF9A-4007-85EA-8EE2EC734FEF}.Release|Any CPU.ActiveCfg = Release|Any CPU
		{653E0FEE-FF9A-4007-85EA-8EE2EC734FEF}.Release|Any CPU.Build.0 = Release|Any CPU
		{0CDF6949-90E7-4505-8EB0-1C449B103792}.Debug|Any CPU.ActiveCfg = Debug|Any CPU
		{0CDF6949-90E7-4505-8EB0-1C449B103792}.Debug|Any CPU.Build.0 = Debug|Any CPU
		{0CDF6949-90E7-4505-8EB0-1C449B103792}.Release|Any CPU.ActiveCfg = Release|Any CPU
		{0CDF6949-90E7-4505-8EB0-1C449B103792}.Release|Any CPU.Build.0 = Release|Any CPU
		{71ACE38E-14CE-477B-8EF8-B856882CBBC0}.Debug|Any CPU.ActiveCfg = Debug|Any CPU
		{71ACE38E-14CE-477B-8EF8-B856882CBBC0}.Debug|Any CPU.Build.0 = Debug|Any CPU
		{71ACE38E-14CE-477B-8EF8-B856882CBBC0}.Release|Any CPU.ActiveCfg = Release|Any CPU
		{71ACE38E-14CE-477B-8EF8-B856882CBBC0}.Release|Any CPU.Build.0 = Release|Any CPU
	EndGlobalSection
	GlobalSection(SolutionProperties) = preSolution
		HideSolutionNode = FALSE
	EndGlobalSection
	GlobalSection(NestedProjects) = preSolution
		{653E0FEE-FF9A-4007-85EA-8EE2EC734FEF} = {02EA681E-C7D8-13C7-8484-4AC65E1B71E8}
		{0CDF6949-90E7-4505-8EB0-1C449B103792} = {BE802428-4DD9-4F49-A4B1-F540C00ABE1A}
		{71ACE38E-14CE-477B-8EF8-B856882CBBC0} = {BE802428-4DD9-4F49-A4B1-F540C00ABE1A}
	EndGlobalSection
	GlobalSection(ExtensibilityGlobals) = postSolution
		SolutionGuid = {4484B10B-9D38-4AAB-BF83-716398F4C585}
	EndGlobalSection
EndGlobal
