
Microsoft Visual Studio Solution File, Format Version 12.00
# Visual Studio Version 17
VisualStudioVersion = 17.14.35821.62
MinimumVisualStudioVersion = 10.0.40219.1
Project("{2150E333-8FDC-42A3-9474-1A3956D46DE8}") = "src", "src", "{02EA681E-C7D8-13C7-8484-4AC65E1B71E8}"
EndProject
Project("{2150E333-8FDC-42A3-9474-1A3956D46DE8}") = "test", "test", "{BE802428-4DD9-4F49-A4B1-F540C00ABE1A}"
EndProject
Project("{FAE04EC0-301F-11D3-BF4B-00C04F79EFBC}") = "WebApp", "test\WebApp\WebApp.csproj", "{0CDF6949-90E7-4505-8EB0-1C449B103792}"
EndProject
Project("{FAE04EC0-301F-11D3-BF4B-00C04F79EFBC}") = "FluentOpenApi.Test", "test\FluentOpenApi.Tests\FluentOpenApi.Test.csproj", "{A47BB1DF-AF98-53B7-CAFB-33A8D66084BC}"
EndProject
Project("{FAE04EC0-301F-11D3-BF4B-00C04F79EFBC}") = "FluentOpenApi", "src\FluentOpenApi\FluentOpenApi.csproj", "{822B53A7-E194-2CBA-0ECB-FCAEDDC632E9}"
EndProject
Global
	GlobalSection(SolutionConfigurationPlatforms) = preSolution
		Debug|Any CPU = Debug|Any CPU
		Release|Any CPU = Release|Any CPU
	EndGlobalSection
	GlobalSection(ProjectConfigurationPlatforms) = postSolution
		{0CDF6949-90E7-4505-8EB0-1C449B103792}.Debug|Any CPU.ActiveCfg = Debug|Any CPU
		{0CDF6949-90E7-4505-8EB0-1C449B103792}.Debug|Any CPU.Build.0 = Debug|Any CPU
		{0CDF6949-90E7-4505-8EB0-1C449B103792}.Release|Any CPU.ActiveCfg = Release|Any CPU
		{0CDF6949-90E7-4505-8EB0-1C449B103792}.Release|Any CPU.Build.0 = Release|Any CPU
		{A47BB1DF-AF98-53B7-CAFB-33A8D66084BC}.Debug|Any CPU.ActiveCfg = Debug|Any CPU
		{A47BB1DF-AF98-53B7-CAFB-33A8D66084BC}.Debug|Any CPU.Build.0 = Debug|Any CPU
		{A47BB1DF-AF98-53B7-CAFB-33A8D66084BC}.Release|Any CPU.ActiveCfg = Release|Any CPU
		{A47BB1DF-AF98-53B7-CAFB-33A8D66084BC}.Release|Any CPU.Build.0 = Release|Any CPU
		{822B53A7-E194-2CBA-0ECB-FCAEDDC632E9}.Debug|Any CPU.ActiveCfg = Debug|Any CPU
		{822B53A7-E194-2CBA-0ECB-FCAEDDC632E9}.Debug|Any CPU.Build.0 = Debug|Any CPU
		{822B53A7-E194-2CBA-0ECB-FCAEDDC632E9}.Release|Any CPU.ActiveCfg = Release|Any CPU
		{822B53A7-E194-2CBA-0ECB-FCAEDDC632E9}.Release|Any CPU.Build.0 = Release|Any CPU
	EndGlobalSection
	GlobalSection(SolutionProperties) = preSolution
		HideSolutionNode = FALSE
	EndGlobalSection
	GlobalSection(NestedProjects) = preSolution
		{0CDF6949-90E7-4505-8EB0-1C449B103792} = {BE802428-4DD9-4F49-A4B1-F540C00ABE1A}
		{A47BB1DF-AF98-53B7-CAFB-33A8D66084BC} = {BE802428-4DD9-4F49-A4B1-F540C00ABE1A}
		{822B53A7-E194-2CBA-0ECB-FCAEDDC632E9} = {02EA681E-C7D8-13C7-8484-4AC65E1B71E8}
	EndGlobalSection
	GlobalSection(ExtensibilityGlobals) = postSolution
		SolutionGuid = {4484B10B-9D38-4AAB-BF83-716398F4C585}
	EndGlobalSection
EndGlobal
